// !$*UTF8*$!
{
	archiveVersion = 1;
	classes = {
	};
	objectVersion = 46;
	objects = {

/* Begin PBXBuildFile section */
		AB59B4D81EAE9BB700650FC8 /* AppDelegate.swift in Sources */ = {isa = PBXBuildFile; fileRef = AB59B4D71EAE9BB700650FC8 /* AppDelegate.swift */; };
		AB59B4DA1EAE9BB700650FC8 /* ViewController.swift in Sources */ = {isa = PBXBuildFile; fileRef = AB59B4D91EAE9BB700650FC8 /* ViewController.swift */; };
		AB59B4DD1EAE9BB700650FC8 /* Main.storyboard in Resources */ = {isa = PBXBuildFile; fileRef = AB59B4DB1EAE9BB700650FC8 /* Main.storyboard */; };
		AB59B4DF1EAE9BB700650FC8 /* Assets.xcassets in Resources */ = {isa = PBXBuildFile; fileRef = AB59B4DE1EAE9BB700650FC8 /* Assets.xcassets */; };
		AB59B4E21EAE9BB700650FC8 /* LaunchScreen.storyboard in Resources */ = {isa = PBXBuildFile; fileRef = AB59B4E01EAE9BB700650FC8 /* LaunchScreen.storyboard */; };
		AB59B4F81EAE9EFE00650FC8 /* HTTPClientTests.swift in Sources */ = {isa = PBXBuildFile; fileRef = AB59B4F71EAE9EFE00650FC8 /* HTTPClientTests.swift */; };
		AB59B4FA1EAE9F1000650FC8 /* HTTPClient.swift in Sources */ = {isa = PBXBuildFile; fileRef = AB59B4F91EAE9F1000650FC8 /* HTTPClient.swift */; };
		AB59B4FC1EAEA10700650FC8 /* products.json in Resources */ = {isa = PBXBuildFile; fileRef = AB59B4FB1EAEA10700650FC8 /* products.json */; };
		AB59B4FE1EAEA15400650FC8 /* Product.swift in Sources */ = {isa = PBXBuildFile; fileRef = AB59B4FD1EAEA15400650FC8 /* Product.swift */; };
		AB59B5001EAEA18200650FC8 /* Price.swift in Sources */ = {isa = PBXBuildFile; fileRef = AB59B4FF1EAEA18200650FC8 /* Price.swift */; };
		AB59B5021EAEA4D800650FC8 /* ProductsService.swift in Sources */ = {isa = PBXBuildFile; fileRef = AB59B5011EAEA4D800650FC8 /* ProductsService.swift */; };
		AB59B5041EAEA53C00650FC8 /* Deserializable.swift in Sources */ = {isa = PBXBuildFile; fileRef = AB59B5031EAEA53C00650FC8 /* Deserializable.swift */; };
		AB59B5061EAEA5E200650FC8 /* PriceTests.swift in Sources */ = {isa = PBXBuildFile; fileRef = AB59B5051EAEA5E200650FC8 /* PriceTests.swift */; };
		AB59B5081EAEA5F400650FC8 /* ProductTests.swift in Sources */ = {isa = PBXBuildFile; fileRef = AB59B5071EAEA5F400650FC8 /* ProductTests.swift */; };
		AB59B50A1EAEA65B00650FC8 /* ProductServiceTests.swift in Sources */ = {isa = PBXBuildFile; fileRef = AB59B5091EAEA65B00650FC8 /* ProductServiceTests.swift */; };
		AB59B50C1EAEAC4D00650FC8 /* Bundle+JSON.swift in Sources */ = {isa = PBXBuildFile; fileRef = AB59B50B1EAEAC4D00650FC8 /* Bundle+JSON.swift */; };
		AB59B50E1EAEAD3A00650FC8 /* price.json in Resources */ = {isa = PBXBuildFile; fileRef = AB59B50D1EAEAD3A00650FC8 /* price.json */; };
		AB59B5101EAEAD4500650FC8 /* product.json in Resources */ = {isa = PBXBuildFile; fileRef = AB59B50F1EAEAD4500650FC8 /* product.json */; };
		AB59B5121EAEB4B500650FC8 /* product_image.jpeg in Resources */ = {isa = PBXBuildFile; fileRef = AB59B5111EAEB4B500650FC8 /* product_image.jpeg */; };
/* End PBXBuildFile section */

/* Begin PBXContainerItemProxy section */
		AB59B4E91EAE9BB700650FC8 /* PBXContainerItemProxy */ = {
			isa = PBXContainerItemProxy;
			containerPortal = AB59B4CC1EAE9BB700650FC8 /* Project object */;
			proxyType = 1;
			remoteGlobalIDString = AB59B4D31EAE9BB700650FC8;
			remoteInfo = JohnLewisTest;
		};
/* End PBXContainerItemProxy section */

/* Begin PBXFileReference section */
		AB59B4D41EAE9BB700650FC8 /* JohnLewisTest.app */ = {isa = PBXFileReference; explicitFileType = wrapper.application; includeInIndex = 0; path = JohnLewisTest.app; sourceTree = BUILT_PRODUCTS_DIR; };
		AB59B4D71EAE9BB700650FC8 /* AppDelegate.swift */ = {isa = PBXFileReference; lastKnownFileType = sourcecode.swift; path = AppDelegate.swift; sourceTree = "<group>"; };
		AB59B4D91EAE9BB700650FC8 /* ViewController.swift */ = {isa = PBXFileReference; lastKnownFileType = sourcecode.swift; path = ViewController.swift; sourceTree = "<group>"; };
		AB59B4DC1EAE9BB700650FC8 /* Base */ = {isa = PBXFileReference; lastKnownFileType = file.storyboard; name = Base; path = Base.lproj/Main.storyboard; sourceTree = "<group>"; };
		AB59B4DE1EAE9BB700650FC8 /* Assets.xcassets */ = {isa = PBXFileReference; lastKnownFileType = folder.assetcatalog; path = Assets.xcassets; sourceTree = "<group>"; };
		AB59B4E11EAE9BB700650FC8 /* Base */ = {isa = PBXFileReference; lastKnownFileType = file.storyboard; name = Base; path = Base.lproj/LaunchScreen.storyboard; sourceTree = "<group>"; };
		AB59B4E31EAE9BB700650FC8 /* Info.plist */ = {isa = PBXFileReference; lastKnownFileType = text.plist.xml; path = Info.plist; sourceTree = "<group>"; };
		AB59B4E81EAE9BB700650FC8 /* JohnLewisTestTests.xctest */ = {isa = PBXFileReference; explicitFileType = wrapper.cfbundle; includeInIndex = 0; path = JohnLewisTestTests.xctest; sourceTree = BUILT_PRODUCTS_DIR; };
		AB59B4EE1EAE9BB700650FC8 /* Info.plist */ = {isa = PBXFileReference; lastKnownFileType = text.plist.xml; path = Info.plist; sourceTree = "<group>"; };
		AB59B4F71EAE9EFE00650FC8 /* HTTPClientTests.swift */ = {isa = PBXFileReference; fileEncoding = 4; lastKnownFileType = sourcecode.swift; path = HTTPClientTests.swift; sourceTree = "<group>"; };
		AB59B4F91EAE9F1000650FC8 /* HTTPClient.swift */ = {isa = PBXFileReference; fileEncoding = 4; lastKnownFileType = sourcecode.swift; path = HTTPClient.swift; sourceTree = "<group>"; };
		AB59B4FB1EAEA10700650FC8 /* products.json */ = {isa = PBXFileReference; fileEncoding = 4; lastKnownFileType = text.json; path = products.json; sourceTree = "<group>"; };
		AB59B4FD1EAEA15400650FC8 /* Product.swift */ = {isa = PBXFileReference; fileEncoding = 4; lastKnownFileType = sourcecode.swift; path = Product.swift; sourceTree = "<group>"; };
		AB59B4FF1EAEA18200650FC8 /* Price.swift */ = {isa = PBXFileReference; fileEncoding = 4; lastKnownFileType = sourcecode.swift; path = Price.swift; sourceTree = "<group>"; };
		AB59B5011EAEA4D800650FC8 /* ProductsService.swift */ = {isa = PBXFileReference; fileEncoding = 4; lastKnownFileType = sourcecode.swift; path = ProductsService.swift; sourceTree = "<group>"; };
		AB59B5031EAEA53C00650FC8 /* Deserializable.swift */ = {isa = PBXFileReference; fileEncoding = 4; lastKnownFileType = sourcecode.swift; path = Deserializable.swift; sourceTree = "<group>"; };
		AB59B5051EAEA5E200650FC8 /* PriceTests.swift */ = {isa = PBXFileReference; fileEncoding = 4; lastKnownFileType = sourcecode.swift; path = PriceTests.swift; sourceTree = "<group>"; };
		AB59B5071EAEA5F400650FC8 /* ProductTests.swift */ = {isa = PBXFileReference; fileEncoding = 4; lastKnownFileType = sourcecode.swift; path = ProductTests.swift; sourceTree = "<group>"; };
		AB59B5091EAEA65B00650FC8 /* ProductServiceTests.swift */ = {isa = PBXFileReference; fileEncoding = 4; lastKnownFileType = sourcecode.swift; path = ProductServiceTests.swift; sourceTree = "<group>"; };
		AB59B50B1EAEAC4D00650FC8 /* Bundle+JSON.swift */ = {isa = PBXFileReference; fileEncoding = 4; lastKnownFileType = sourcecode.swift; path = "Bundle+JSON.swift"; sourceTree = "<group>"; };
		AB59B50D1EAEAD3A00650FC8 /* price.json */ = {isa = PBXFileReference; fileEncoding = 4; lastKnownFileType = text.json; path = price.json; sourceTree = "<group>"; };
		AB59B50F1EAEAD4500650FC8 /* product.json */ = {isa = PBXFileReference; fileEncoding = 4; lastKnownFileType = text.json; path = product.json; sourceTree = "<group>"; };
		AB59B5111EAEB4B500650FC8 /* product_image.jpeg */ = {isa = PBXFileReference; lastKnownFileType = image.jpeg; path = product_image.jpeg; sourceTree = "<group>"; };
/* End PBXFileReference section */

/* Begin PBXFrameworksBuildPhase section */
		AB59B4D11EAE9BB700650FC8 /* Frameworks */ = {
			isa = PBXFrameworksBuildPhase;
			buildActionMask = 2147483647;
			files = (
			);
			runOnlyForDeploymentPostprocessing = 0;
		};
		AB59B4E51EAE9BB700650FC8 /* Frameworks */ = {
			isa = PBXFrameworksBuildPhase;
			buildActionMask = 2147483647;
			files = (
			);
			runOnlyForDeploymentPostprocessing = 0;
		};
/* End PBXFrameworksBuildPhase section */

/* Begin PBXGroup section */
		AB59B4CB1EAE9BB700650FC8 = {
			isa = PBXGroup;
			children = (
				AB59B4D61EAE9BB700650FC8 /* JohnLewisTest */,
				AB59B4EB1EAE9BB700650FC8 /* JohnLewisTestTests */,
				AB59B4D51EAE9BB700650FC8 /* Products */,
			);
			sourceTree = "<group>";
		};
		AB59B4D51EAE9BB700650FC8 /* Products */ = {
			isa = PBXGroup;
			children = (
				AB59B4D41EAE9BB700650FC8 /* JohnLewisTest.app */,
				AB59B4E81EAE9BB700650FC8 /* JohnLewisTestTests.xctest */,
			);
			name = Products;
			sourceTree = "<group>";
		};
		AB59B4D61EAE9BB700650FC8 /* JohnLewisTest */ = {
			isa = PBXGroup;
			children = (
				AB59B4D71EAE9BB700650FC8 /* AppDelegate.swift */,
				AB59B4D91EAE9BB700650FC8 /* ViewController.swift */,
				AB59B4DB1EAE9BB700650FC8 /* Main.storyboard */,
				AB59B4DE1EAE9BB700650FC8 /* Assets.xcassets */,
				AB59B4F91EAE9F1000650FC8 /* HTTPClient.swift */,
				AB59B5011EAEA4D800650FC8 /* ProductsService.swift */,
				AB59B4FD1EAEA15400650FC8 /* Product.swift */,
				AB59B4FF1EAEA18200650FC8 /* Price.swift */,
				AB59B5031EAEA53C00650FC8 /* Deserializable.swift */,
				AB59B4E01EAE9BB700650FC8 /* LaunchScreen.storyboard */,
				AB59B4E31EAE9BB700650FC8 /* Info.plist */,
			);
			path = JohnLewisTest;
			sourceTree = "<group>";
		};
		AB59B4EB1EAE9BB700650FC8 /* JohnLewisTestTests */ = {
			isa = PBXGroup;
			children = (
				AB59B4F71EAE9EFE00650FC8 /* HTTPClientTests.swift */,
				AB59B5091EAEA65B00650FC8 /* ProductServiceTests.swift */,
				AB59B5051EAEA5E200650FC8 /* PriceTests.swift */,
				AB59B5071EAEA5F400650FC8 /* ProductTests.swift */,
				AB59B50B1EAEAC4D00650FC8 /* Bundle+JSON.swift */,
				AB59B4FB1EAEA10700650FC8 /* products.json */,
				AB59B50F1EAEAD4500650FC8 /* product.json */,
				AB59B50D1EAEAD3A00650FC8 /* price.json */,
				AB59B5111EAEB4B500650FC8 /* product_image.jpeg */,
				AB59B4EE1EAE9BB700650FC8 /* Info.plist */,
			);
			path = JohnLewisTestTests;
			sourceTree = "<group>";
		};
/* End PBXGroup section */

/* Begin PBXNativeTarget section */
		AB59B4D31EAE9BB700650FC8 /* JohnLewisTest */ = {
			isa = PBXNativeTarget;
			buildConfigurationList = AB59B4F11EAE9BB700650FC8 /* Build configuration list for PBXNativeTarget "JohnLewisTest" */;
			buildPhases = (
				AB59B4D01EAE9BB700650FC8 /* Sources */,
				AB59B4D11EAE9BB700650FC8 /* Frameworks */,
				AB59B4D21EAE9BB700650FC8 /* Resources */,
			);
			buildRules = (
			);
			dependencies = (
			);
			name = JohnLewisTest;
			productName = JohnLewisTest;
			productReference = AB59B4D41EAE9BB700650FC8 /* JohnLewisTest.app */;
			productType = "com.apple.product-type.application";
		};
		AB59B4E71EAE9BB700650FC8 /* JohnLewisTestTests */ = {
			isa = PBXNativeTarget;
			buildConfigurationList = AB59B4F41EAE9BB700650FC8 /* Build configuration list for PBXNativeTarget "JohnLewisTestTests" */;
			buildPhases = (
				AB59B4E41EAE9BB700650FC8 /* Sources */,
				AB59B4E51EAE9BB700650FC8 /* Frameworks */,
				AB59B4E61EAE9BB700650FC8 /* Resources */,
			);
			buildRules = (
			);
			dependencies = (
				AB59B4EA1EAE9BB700650FC8 /* PBXTargetDependency */,
			);
			name = JohnLewisTestTests;
			productName = JohnLewisTestTests;
			productReference = AB59B4E81EAE9BB700650FC8 /* JohnLewisTestTests.xctest */;
			productType = "com.apple.product-type.bundle.unit-test";
		};
/* End PBXNativeTarget section */

/* Begin PBXProject section */
		AB59B4CC1EAE9BB700650FC8 /* Project object */ = {
			isa = PBXProject;
			attributes = {
				LastSwiftUpdateCheck = 0830;
				LastUpgradeCheck = 0830;
				ORGANIZATIONNAME = "Mark Bridges";
				TargetAttributes = {
					AB59B4D31EAE9BB700650FC8 = {
						CreatedOnToolsVersion = 8.3.2;
						DevelopmentTeam = DVPYSYSD2W;
						ProvisioningStyle = Automatic;
					};
					AB59B4E71EAE9BB700650FC8 = {
						CreatedOnToolsVersion = 8.3.2;
						DevelopmentTeam = DVPYSYSD2W;
						LastSwiftMigration = 0830;
						ProvisioningStyle = Automatic;
						TestTargetID = AB59B4D31EAE9BB700650FC8;
					};
				};
			};
			buildConfigurationList = AB59B4CF1EAE9BB700650FC8 /* Build configuration list for PBXProject "JohnLewisTest" */;
			compatibilityVersion = "Xcode 3.2";
			developmentRegion = English;
			hasScannedForEncodings = 0;
			knownRegions = (
				en,
				Base,
			);
			mainGroup = AB59B4CB1EAE9BB700650FC8;
			productRefGroup = AB59B4D51EAE9BB700650FC8 /* Products */;
			projectDirPath = "";
			projectRoot = "";
			targets = (
				AB59B4D31EAE9BB700650FC8 /* JohnLewisTest */,
				AB59B4E71EAE9BB700650FC8 /* JohnLewisTestTests */,
			);
		};
/* End PBXProject section */

/* Begin PBXResourcesBuildPhase section */
		AB59B4D21EAE9BB700650FC8 /* Resources */ = {
			isa = PBXResourcesBuildPhase;
			buildActionMask = 2147483647;
			files = (
				AB59B4E21EAE9BB700650FC8 /* LaunchScreen.storyboard in Resources */,
				AB59B4DF1EAE9BB700650FC8 /* Assets.xcassets in Resources */,
				AB59B4DD1EAE9BB700650FC8 /* Main.storyboard in Resources */,
			);
			runOnlyForDeploymentPostprocessing = 0;
		};
		AB59B4E61EAE9BB700650FC8 /* Resources */ = {
			isa = PBXResourcesBuildPhase;
			buildActionMask = 2147483647;
			files = (
				AB59B4FC1EAEA10700650FC8 /* products.json in Resources */,
				AB59B50E1EAEAD3A00650FC8 /* price.json in Resources */,
				AB59B5121EAEB4B500650FC8 /* product_image.jpeg in Resources */,
				AB59B5101EAEAD4500650FC8 /* product.json in Resources */,
			);
			runOnlyForDeploymentPostprocessing = 0;
		};
/* End PBXResourcesBuildPhase section */

/* Begin PBXSourcesBuildPhase section */
		AB59B4D01EAE9BB700650FC8 /* Sources */ = {
			isa = PBXSourcesBuildPhase;
			buildActionMask = 2147483647;
			files = (
				AB59B4DA1EAE9BB700650FC8 /* ViewController.swift in Sources */,
				AB59B4FE1EAEA15400650FC8 /* Product.swift in Sources */,
				AB59B4D81EAE9BB700650FC8 /* AppDelegate.swift in Sources */,
				AB59B5001EAEA18200650FC8 /* Price.swift in Sources */,
				AB59B4FA1EAE9F1000650FC8 /* HTTPClient.swift in Sources */,
				AB59B5041EAEA53C00650FC8 /* Deserializable.swift in Sources */,
				AB59B5021EAEA4D800650FC8 /* ProductsService.swift in Sources */,
			);
			runOnlyForDeploymentPostprocessing = 0;
		};
		AB59B4E41EAE9BB700650FC8 /* Sources */ = {
			isa = PBXSourcesBuildPhase;
			buildActionMask = 2147483647;
			files = (
				AB59B4F81EAE9EFE00650FC8 /* HTTPClientTests.swift in Sources */,
				AB59B50A1EAEA65B00650FC8 /* ProductServiceTests.swift in Sources */,
				AB59B5061EAEA5E200650FC8 /* PriceTests.swift in Sources */,
				AB59B5081EAEA5F400650FC8 /* ProductTests.swift in Sources */,
				AB59B50C1EAEAC4D00650FC8 /* Bundle+JSON.swift in Sources */,
			);
			runOnlyForDeploymentPostprocessing = 0;
		};
/* End PBXSourcesBuildPhase section */

/* Begin PBXTargetDependency section */
		AB59B4EA1EAE9BB700650FC8 /* PBXTargetDependency */ = {
			isa = PBXTargetDependency;
			target = AB59B4D31EAE9BB700650FC8 /* JohnLewisTest */;
			targetProxy = AB59B4E91EAE9BB700650FC8 /* PBXContainerItemProxy */;
		};
/* End PBXTargetDependency section */

/* Begin PBXVariantGroup section */
		AB59B4DB1EAE9BB700650FC8 /* Main.storyboard */ = {
			isa = PBXVariantGroup;
			children = (
				AB59B4DC1EAE9BB700650FC8 /* Base */,
			);
			name = Main.storyboard;
			sourceTree = "<group>";
		};
		AB59B4E01EAE9BB700650FC8 /* LaunchScreen.storyboard */ = {
			isa = PBXVariantGroup;
			children = (
				AB59B4E11EAE9BB700650FC8 /* Base */,
			);
			name = LaunchScreen.storyboard;
			sourceTree = "<group>";
		};
/* End PBXVariantGroup section */

/* Begin XCBuildConfiguration section */
		AB59B4EF1EAE9BB700650FC8 /* Debug */ = {
			isa = XCBuildConfiguration;
			buildSettings = {
				ALWAYS_SEARCH_USER_PATHS = NO;
				CLANG_ANALYZER_NONNULL = YES;
				CLANG_ANALYZER_NUMBER_OBJECT_CONVERSION = YES_AGGRESSIVE;
				CLANG_CXX_LANGUAGE_STANDARD = "gnu++0x";
				CLANG_CXX_LIBRARY = "libc++";
				CLANG_ENABLE_MODULES = YES;
				CLANG_ENABLE_OBJC_ARC = YES;
				CLANG_WARN_BOOL_CONVERSION = YES;
				CLANG_WARN_CONSTANT_CONVERSION = YES;
				CLANG_WARN_DIRECT_OBJC_ISA_USAGE = YES_ERROR;
				CLANG_WARN_DOCUMENTATION_COMMENTS = YES;
				CLANG_WARN_EMPTY_BODY = YES;
				CLANG_WARN_ENUM_CONVERSION = YES;
				CLANG_WARN_INFINITE_RECURSION = YES;
				CLANG_WARN_INT_CONVERSION = YES;
				CLANG_WARN_OBJC_ROOT_CLASS = YES_ERROR;
				CLANG_WARN_SUSPICIOUS_MOVE = YES;
				CLANG_WARN_UNREACHABLE_CODE = YES;
				CLANG_WARN__DUPLICATE_METHOD_MATCH = YES;
				"CODE_SIGN_IDENTITY[sdk=iphoneos*]" = "iPhone Developer";
				COPY_PHASE_STRIP = NO;
				DEBUG_INFORMATION_FORMAT = dwarf;
				ENABLE_STRICT_OBJC_MSGSEND = YES;
				ENABLE_TESTABILITY = YES;
				GCC_C_LANGUAGE_STANDARD = gnu99;
				GCC_DYNAMIC_NO_PIC = NO;
				GCC_NO_COMMON_BLOCKS = YES;
				GCC_OPTIMIZATION_LEVEL = 0;
				GCC_PREPROCESSOR_DEFINITIONS = (
					"DEBUG=1",
					"$(inherited)",
				);
				GCC_WARN_64_TO_32_BIT_CONVERSION = YES;
				GCC_WARN_ABOUT_RETURN_TYPE = YES_ERROR;
				GCC_WARN_UNDECLARED_SELECTOR = YES;
				GCC_WARN_UNINITIALIZED_AUTOS = YES_AGGRESSIVE;
				GCC_WARN_UNUSED_FUNCTION = YES;
				GCC_WARN_UNUSED_VARIABLE = YES;
				IPHONEOS_DEPLOYMENT_TARGET = 10.3;
				MTL_ENABLE_DEBUG_INFO = YES;
				ONLY_ACTIVE_ARCH = YES;
				SDKROOT = iphoneos;
				SWIFT_ACTIVE_COMPILATION_CONDITIONS = DEBUG;
				SWIFT_OPTIMIZATION_LEVEL = "-Onone";
				TARGETED_DEVICE_FAMILY = "1,2";
			};
			name = Debug;
		};
		AB59B4F01EAE9BB700650FC8 /* Release */ = {
			isa = XCBuildConfiguration;
			buildSettings = {
				ALWAYS_SEARCH_USER_PATHS = NO;
				CLANG_ANALYZER_NONNULL = YES;
				CLANG_ANALYZER_NUMBER_OBJECT_CONVERSION = YES_AGGRESSIVE;
				CLANG_CXX_LANGUAGE_STANDARD = "gnu++0x";
				CLANG_CXX_LIBRARY = "libc++";
				CLANG_ENABLE_MODULES = YES;
				CLANG_ENABLE_OBJC_ARC = YES;
				CLANG_WARN_BOOL_CONVERSION = YES;
				CLANG_WARN_CONSTANT_CONVERSION = YES;
				CLANG_WARN_DIRECT_OBJC_ISA_USAGE = YES_ERROR;
				CLANG_WARN_DOCUMENTATION_COMMENTS = YES;
				CLANG_WARN_EMPTY_BODY = YES;
				CLANG_WARN_ENUM_CONVERSION = YES;
				CLANG_WARN_INFINITE_RECURSION = YES;
				CLANG_WARN_INT_CONVERSION = YES;
				CLANG_WARN_OBJC_ROOT_CLASS = YES_ERROR;
				CLANG_WARN_SUSPICIOUS_MOVE = YES;
				CLANG_WARN_UNREACHABLE_CODE = YES;
				CLANG_WARN__DUPLICATE_METHOD_MATCH = YES;
				"CODE_SIGN_IDENTITY[sdk=iphoneos*]" = "iPhone Developer";
				COPY_PHASE_STRIP = NO;
				DEBUG_INFORMATION_FORMAT = "dwarf-with-dsym";
				ENABLE_NS_ASSERTIONS = NO;
				ENABLE_STRICT_OBJC_MSGSEND = YES;
				GCC_C_LANGUAGE_STANDARD = gnu99;
				GCC_NO_COMMON_BLOCKS = YES;
				GCC_WARN_64_TO_32_BIT_CONVERSION = YES;
				GCC_WARN_ABOUT_RETURN_TYPE = YES_ERROR;
				GCC_WARN_UNDECLARED_SELECTOR = YES;
				GCC_WARN_UNINITIALIZED_AUTOS = YES_AGGRESSIVE;
				GCC_WARN_UNUSED_FUNCTION = YES;
				GCC_WARN_UNUSED_VARIABLE = YES;
				IPHONEOS_DEPLOYMENT_TARGET = 10.3;
				MTL_ENABLE_DEBUG_INFO = NO;
				SDKROOT = iphoneos;
				SWIFT_OPTIMIZATION_LEVEL = "-Owholemodule";
				TARGETED_DEVICE_FAMILY = "1,2";
				VALIDATE_PRODUCT = YES;
			};
			name = Release;
		};
		AB59B4F21EAE9BB700650FC8 /* Debug */ = {
			isa = XCBuildConfiguration;
			buildSettings = {
				ASSETCATALOG_COMPILER_APPICON_NAME = AppIcon;
				DEVELOPMENT_TEAM = DVPYSYSD2W;
				INFOPLIST_FILE = JohnLewisTest/Info.plist;
				LD_RUNPATH_SEARCH_PATHS = "$(inherited) @executable_path/Frameworks";
				PRODUCT_BUNDLE_IDENTIFIER = com.bridgetech.JohnLewisTest;
				PRODUCT_NAME = "$(TARGET_NAME)";
				SWIFT_VERSION = 3.0;
			};
			name = Debug;
		};
		AB59B4F31EAE9BB700650FC8 /* Release */ = {
			isa = XCBuildConfiguration;
			buildSettings = {
				ASSETCATALOG_COMPILER_APPICON_NAME = AppIcon;
				DEVELOPMENT_TEAM = DVPYSYSD2W;
				INFOPLIST_FILE = JohnLewisTest/Info.plist;
				LD_RUNPATH_SEARCH_PATHS = "$(inherited) @executable_path/Frameworks";
				PRODUCT_BUNDLE_IDENTIFIER = com.bridgetech.JohnLewisTest;
				PRODUCT_NAME = "$(TARGET_NAME)";
				SWIFT_VERSION = 3.0;
			};
			name = Release;
		};
		AB59B4F51EAE9BB700650FC8 /* Debug */ = {
			isa = XCBuildConfiguration;
			buildSettings = {
				ALWAYS_EMBED_SWIFT_STANDARD_LIBRARIES = YES;
				BUNDLE_LOADER = "$(TEST_HOST)";
				CLANG_ENABLE_MODULES = YES;
				DEVELOPMENT_TEAM = DVPYSYSD2W;
				INFOPLIST_FILE = JohnLewisTestTests/Info.plist;
				LD_RUNPATH_SEARCH_PATHS = "$(inherited) @executable_path/Frameworks @loader_path/Frameworks";
				PRODUCT_BUNDLE_IDENTIFIER = com.bridgetech.JohnLewisTestTests;
				PRODUCT_NAME = "$(TARGET_NAME)";
				SWIFT_OPTIMIZATION_LEVEL = "-Onone";
				SWIFT_VERSION = 3.0;
				TEST_HOST = "$(BUILT_PRODUCTS_DIR)/JohnLewisTest.app/JohnLewisTest";
			};
			name = Debug;
		};
		AB59B4F61EAE9BB700650FC8 /* Release */ = {
			isa = XCBuildConfiguration;
			buildSettings = {
				ALWAYS_EMBED_SWIFT_STANDARD_LIBRARIES = YES;
				BUNDLE_LOADER = "$(TEST_HOST)";
				CLANG_ENABLE_MODULES = YES;
				DEVELOPMENT_TEAM = DVPYSYSD2W;
				INFOPLIST_FILE = JohnLewisTestTests/Info.plist;
				LD_RUNPATH_SEARCH_PATHS = "$(inherited) @executable_path/Frameworks @loader_path/Frameworks";
				PRODUCT_BUNDLE_IDENTIFIER = com.bridgetech.JohnLewisTestTests;
				PRODUCT_NAME = "$(TARGET_NAME)";
				SWIFT_VERSION = 3.0;
				TEST_HOST = "$(BUILT_PRODUCTS_DIR)/JohnLewisTest.app/JohnLewisTest";
			};
			name = Release;
		};
/* End XCBuildConfiguration section */

/* Begin XCConfigurationList section */
		AB59B4CF1EAE9BB700650FC8 /* Build configuration list for PBXProject "JohnLewisTest" */ = {
			isa = XCConfigurationList;
			buildConfigurations = (
				AB59B4EF1EAE9BB700650FC8 /* Debug */,
				AB59B4F01EAE9BB700650FC8 /* Release */,
			);
			defaultConfigurationIsVisible = 0;
			defaultConfigurationName = Release;
		};
		AB59B4F11EAE9BB700650FC8 /* Build configuration list for PBXNativeTarget "JohnLewisTest" */ = {
			isa = XCConfigurationList;
			buildConfigurations = (
				AB59B4F21EAE9BB700650FC8 /* Debug */,
				AB59B4F31EAE9BB700650FC8 /* Release */,
			);
			defaultConfigurationIsVisible = 0;
		};
		AB59B4F41EAE9BB700650FC8 /* Build configuration list for PBXNativeTarget "JohnLewisTestTests" */ = {
			isa = XCConfigurationList;
			buildConfigurations = (
				AB59B4F51EAE9BB700650FC8 /* Debug */,
				AB59B4F61EAE9BB700650FC8 /* Release */,
			);
			defaultConfigurationIsVisible = 0;
		};
/* End XCConfigurationList section */
	};
	rootObject = AB59B4CC1EAE9BB700650FC8 /* Project object */;
}
